// !$*UTF8*$!
{
	archiveVersion = 1;
	classes = {
	};
	objectVersion = 56;
	objects = {

/* Begin PBXBuildFile section */
		E0A864DF2C5D2344005827D1 /* AppDelegate.swift in Sources */ = {isa = PBXBuildFile; fileRef = E0A864DE2C5D2344005827D1 /* AppDelegate.swift */; };
		E0A864E12C5D2344005827D1 /* SceneDelegate.swift in Sources */ = {isa = PBXBuildFile; fileRef = E0A864E02C5D2344005827D1 /* SceneDelegate.swift */; };
		E0A864E32C5D2344005827D1 /* ViewController.swift in Sources */ = {isa = PBXBuildFile; fileRef = E0A864E22C5D2344005827D1 /* ViewController.swift */; };
		E0A864E62C5D2344005827D1 /* Base in Resources */ = {isa = PBXBuildFile; fileRef = E0A864E52C5D2344005827D1 /* Base */; };
		E0A864E82C5D2345005827D1 /* Assets.xcassets in Resources */ = {isa = PBXBuildFile; fileRef = E0A864E72C5D2345005827D1 /* Assets.xcassets */; };
		E0A864EB2C5D2345005827D1 /* Base in Resources */ = {isa = PBXBuildFile; fileRef = E0A864EA2C5D2345005827D1 /* Base */; };
		E0A864F92C5D235D005827D1 /* WidgetKit.framework in Frameworks */ = {isa = PBXBuildFile; fileRef = E0A864F82C5D235D005827D1 /* WidgetKit.framework */; };
		E0A864FB2C5D235D005827D1 /* SwiftUI.framework in Frameworks */ = {isa = PBXBuildFile; fileRef = E0A864FA2C5D235D005827D1 /* SwiftUI.framework */; };
		E0A864FE2C5D235D005827D1 /* EwanoWalletWidgetBundle.swift in Sources */ = {isa = PBXBuildFile; fileRef = E0A864FD2C5D235D005827D1 /* EwanoWalletWidgetBundle.swift */; };
		E0A865002C5D235D005827D1 /* EwanoWalletWidgetLiveActivity.swift in Sources */ = {isa = PBXBuildFile; fileRef = E0A864FF2C5D235D005827D1 /* EwanoWalletWidgetLiveActivity.swift */; };
		E0A865022C5D235D005827D1 /* EwanoWalletWidget.swift in Sources */ = {isa = PBXBuildFile; fileRef = E0A865012C5D235D005827D1 /* EwanoWalletWidget.swift */; };
		E0A865042C5D235D005827D1 /* AppIntent.swift in Sources */ = {isa = PBXBuildFile; fileRef = E0A865032C5D235D005827D1 /* AppIntent.swift */; };
		E0A865062C5D235E005827D1 /* Assets.xcassets in Resources */ = {isa = PBXBuildFile; fileRef = E0A865052C5D235E005827D1 /* Assets.xcassets */; };
		E0A8650A2C5D235E005827D1 /* EwanoWalletWidgetExtension.appex in Embed Foundation Extensions */ = {isa = PBXBuildFile; fileRef = E0A864F62C5D235D005827D1 /* EwanoWalletWidgetExtension.appex */; settings = {ATTRIBUTES = (RemoveHeadersOnCopy, ); }; };
		E0D10BC12C5E3F9700CBE4CA /* ForegroundView.swift in Sources */ = {isa = PBXBuildFile; fileRef = E0D10BBF2C5E3F5A00CBE4CA /* ForegroundView.swift */; };
		E0D10BC32C5E3FCE00CBE4CA /* BackgroundView.swift in Sources */ = {isa = PBXBuildFile; fileRef = E0D10BC22C5E3FCE00CBE4CA /* BackgroundView.swift */; };
/* End PBXBuildFile section */

/* Begin PBXContainerItemProxy section */
		E0A865082C5D235E005827D1 /* PBXContainerItemProxy */ = {
			isa = PBXContainerItemProxy;
			containerPortal = E0A864D32C5D2344005827D1 /* Project object */;
			proxyType = 1;
			remoteGlobalIDString = E0A864F52C5D235D005827D1;
			remoteInfo = EwanoWalletWidgetExtension;
		};
/* End PBXContainerItemProxy section */

/* Begin PBXCopyFilesBuildPhase section */
		E0A8650E2C5D235E005827D1 /* Embed Foundation Extensions */ = {
			isa = PBXCopyFilesBuildPhase;
			buildActionMask = 2147483647;
			dstPath = "";
			dstSubfolderSpec = 13;
			files = (
				E0A8650A2C5D235E005827D1 /* EwanoWalletWidgetExtension.appex in Embed Foundation Extensions */,
			);
			name = "Embed Foundation Extensions";
			runOnlyForDeploymentPostprocessing = 0;
		};
/* End PBXCopyFilesBuildPhase section */

/* Begin PBXFileReference section */
		E0A864DB2C5D2344005827D1 /* EwanoWidget.app */ = {isa = PBXFileReference; explicitFileType = wrapper.application; includeInIndex = 0; path = EwanoWidget.app; sourceTree = BUILT_PRODUCTS_DIR; };
		E0A864DE2C5D2344005827D1 /* AppDelegate.swift */ = {isa = PBXFileReference; lastKnownFileType = sourcecode.swift; path = AppDelegate.swift; sourceTree = "<group>"; };
		E0A864E02C5D2344005827D1 /* SceneDelegate.swift */ = {isa = PBXFileReference; lastKnownFileType = sourcecode.swift; path = SceneDelegate.swift; sourceTree = "<group>"; };
		E0A864E22C5D2344005827D1 /* ViewController.swift */ = {isa = PBXFileReference; lastKnownFileType = sourcecode.swift; path = ViewController.swift; sourceTree = "<group>"; };
		E0A864E52C5D2344005827D1 /* Base */ = {isa = PBXFileReference; lastKnownFileType = file.storyboard; name = Base; path = Base.lproj/Main.storyboard; sourceTree = "<group>"; };
		E0A864E72C5D2345005827D1 /* Assets.xcassets */ = {isa = PBXFileReference; lastKnownFileType = folder.assetcatalog; path = Assets.xcassets; sourceTree = "<group>"; };
		E0A864EA2C5D2345005827D1 /* Base */ = {isa = PBXFileReference; lastKnownFileType = file.storyboard; name = Base; path = Base.lproj/LaunchScreen.storyboard; sourceTree = "<group>"; };
		E0A864EC2C5D2345005827D1 /* Info.plist */ = {isa = PBXFileReference; lastKnownFileType = text.plist.xml; path = Info.plist; sourceTree = "<group>"; };
		E0A864F62C5D235D005827D1 /* EwanoWalletWidgetExtension.appex */ = {isa = PBXFileReference; explicitFileType = "wrapper.app-extension"; includeInIndex = 0; path = EwanoWalletWidgetExtension.appex; sourceTree = BUILT_PRODUCTS_DIR; };
		E0A864F82C5D235D005827D1 /* WidgetKit.framework */ = {isa = PBXFileReference; lastKnownFileType = wrapper.framework; name = WidgetKit.framework; path = System/Library/Frameworks/WidgetKit.framework; sourceTree = SDKROOT; };
		E0A864FA2C5D235D005827D1 /* SwiftUI.framework */ = {isa = PBXFileReference; lastKnownFileType = wrapper.framework; name = SwiftUI.framework; path = System/Library/Frameworks/SwiftUI.framework; sourceTree = SDKROOT; };
		E0A864FD2C5D235D005827D1 /* EwanoWalletWidgetBundle.swift */ = {isa = PBXFileReference; lastKnownFileType = sourcecode.swift; path = EwanoWalletWidgetBundle.swift; sourceTree = "<group>"; };
		E0A864FF2C5D235D005827D1 /* EwanoWalletWidgetLiveActivity.swift */ = {isa = PBXFileReference; lastKnownFileType = sourcecode.swift; path = EwanoWalletWidgetLiveActivity.swift; sourceTree = "<group>"; };
		E0A865012C5D235D005827D1 /* EwanoWalletWidget.swift */ = {isa = PBXFileReference; lastKnownFileType = sourcecode.swift; path = EwanoWalletWidget.swift; sourceTree = "<group>"; };
		E0A865032C5D235D005827D1 /* AppIntent.swift */ = {isa = PBXFileReference; lastKnownFileType = sourcecode.swift; path = AppIntent.swift; sourceTree = "<group>"; };
		E0A865052C5D235E005827D1 /* Assets.xcassets */ = {isa = PBXFileReference; lastKnownFileType = folder.assetcatalog; path = Assets.xcassets; sourceTree = "<group>"; };
		E0A865072C5D235E005827D1 /* Info.plist */ = {isa = PBXFileReference; lastKnownFileType = text.plist.xml; path = Info.plist; sourceTree = "<group>"; };
		E0D10BBF2C5E3F5A00CBE4CA /* ForegroundView.swift */ = {isa = PBXFileReference; lastKnownFileType = sourcecode.swift; path = ForegroundView.swift; sourceTree = "<group>"; };
		E0D10BC22C5E3FCE00CBE4CA /* BackgroundView.swift */ = {isa = PBXFileReference; lastKnownFileType = sourcecode.swift; path = BackgroundView.swift; sourceTree = "<group>"; };
/* End PBXFileReference section */

/* Begin PBXFrameworksBuildPhase section */
		E0A864D82C5D2344005827D1 /* Frameworks */ = {
			isa = PBXFrameworksBuildPhase;
			buildActionMask = 2147483647;
			files = (
			);
			runOnlyForDeploymentPostprocessing = 0;
		};
		E0A864F32C5D235D005827D1 /* Frameworks */ = {
			isa = PBXFrameworksBuildPhase;
			buildActionMask = 2147483647;
			files = (
				E0A864FB2C5D235D005827D1 /* SwiftUI.framework in Frameworks */,
				E0A864F92C5D235D005827D1 /* WidgetKit.framework in Frameworks */,
			);
			runOnlyForDeploymentPostprocessing = 0;
		};
/* End PBXFrameworksBuildPhase section */

/* Begin PBXGroup section */
		E0A864D22C5D2344005827D1 = {
			isa = PBXGroup;
			children = (
				E0A864DD2C5D2344005827D1 /* EwanoWidget */,
				E0A864FC2C5D235D005827D1 /* EwanoWalletWidget */,
				E0A864F72C5D235D005827D1 /* Frameworks */,
				E0A864DC2C5D2344005827D1 /* Products */,
			);
			sourceTree = "<group>";
		};
		E0A864DC2C5D2344005827D1 /* Products */ = {
			isa = PBXGroup;
			children = (
				E0A864DB2C5D2344005827D1 /* EwanoWidget.app */,
				E0A864F62C5D235D005827D1 /* EwanoWalletWidgetExtension.appex */,
			);
			name = Products;
			sourceTree = "<group>";
		};
		E0A864DD2C5D2344005827D1 /* EwanoWidget */ = {
			isa = PBXGroup;
			children = (
				E0A864DE2C5D2344005827D1 /* AppDelegate.swift */,
				E0A864E02C5D2344005827D1 /* SceneDelegate.swift */,
				E0A864E22C5D2344005827D1 /* ViewController.swift */,
				E0A864E42C5D2344005827D1 /* Main.storyboard */,
				E0A864E72C5D2345005827D1 /* Assets.xcassets */,
				E0A864E92C5D2345005827D1 /* LaunchScreen.storyboard */,
				E0A864EC2C5D2345005827D1 /* Info.plist */,
			);
			path = EwanoWidget;
			sourceTree = "<group>";
		};
		E0A864F72C5D235D005827D1 /* Frameworks */ = {
			isa = PBXGroup;
			children = (
				E0A864F82C5D235D005827D1 /* WidgetKit.framework */,
				E0A864FA2C5D235D005827D1 /* SwiftUI.framework */,
			);
			name = Frameworks;
			sourceTree = "<group>";
		};
		E0A864FC2C5D235D005827D1 /* EwanoWalletWidget */ = {
			isa = PBXGroup;
			children = (
				E0A864FD2C5D235D005827D1 /* EwanoWalletWidgetBundle.swift */,
				E0A864FF2C5D235D005827D1 /* EwanoWalletWidgetLiveActivity.swift */,
				E0A865012C5D235D005827D1 /* EwanoWalletWidget.swift */,
				E0D10BBF2C5E3F5A00CBE4CA /* ForegroundView.swift */,
				E0D10BC22C5E3FCE00CBE4CA /* BackgroundView.swift */,
				E0A865032C5D235D005827D1 /* AppIntent.swift */,
				E0A865052C5D235E005827D1 /* Assets.xcassets */,
				E0A865072C5D235E005827D1 /* Info.plist */,
			);
			path = EwanoWalletWidget;
			sourceTree = "<group>";
		};
/* End PBXGroup section */

/* Begin PBXNativeTarget section */
		E0A864DA2C5D2344005827D1 /* EwanoWidget */ = {
			isa = PBXNativeTarget;
			buildConfigurationList = E0A864EF2C5D2345005827D1 /* Build configuration list for PBXNativeTarget "EwanoWidget" */;
			buildPhases = (
				E0A864D72C5D2344005827D1 /* Sources */,
				E0A864D82C5D2344005827D1 /* Frameworks */,
				E0A864D92C5D2344005827D1 /* Resources */,
				E0A8650E2C5D235E005827D1 /* Embed Foundation Extensions */,
			);
			buildRules = (
			);
			dependencies = (
				E0A865092C5D235E005827D1 /* PBXTargetDependency */,
			);
			name = EwanoWidget;
			productName = EwanoWidget;
			productReference = E0A864DB2C5D2344005827D1 /* EwanoWidget.app */;
			productType = "com.apple.product-type.application";
		};
		E0A864F52C5D235D005827D1 /* EwanoWalletWidgetExtension */ = {
			isa = PBXNativeTarget;
			buildConfigurationList = E0A8650B2C5D235E005827D1 /* Build configuration list for PBXNativeTarget "EwanoWalletWidgetExtension" */;
			buildPhases = (
				E0A864F22C5D235D005827D1 /* Sources */,
				E0A864F32C5D235D005827D1 /* Frameworks */,
				E0A864F42C5D235D005827D1 /* Resources */,
			);
			buildRules = (
			);
			dependencies = (
			);
			name = EwanoWalletWidgetExtension;
			productName = EwanoWalletWidgetExtension;
			productReference = E0A864F62C5D235D005827D1 /* EwanoWalletWidgetExtension.appex */;
			productType = "com.apple.product-type.app-extension";
		};
/* End PBXNativeTarget section */

/* Begin PBXProject section */
		E0A864D32C5D2344005827D1 /* Project object */ = {
			isa = PBXProject;
			attributes = {
				BuildIndependentTargetsInParallel = 1;
				LastSwiftUpdateCheck = 1540;
				LastUpgradeCheck = 1540;
				TargetAttributes = {
					E0A864DA2C5D2344005827D1 = {
						CreatedOnToolsVersion = 15.4;
					};
					E0A864F52C5D235D005827D1 = {
						CreatedOnToolsVersion = 15.4;
					};
				};
			};
			buildConfigurationList = E0A864D62C5D2344005827D1 /* Build configuration list for PBXProject "EwanoWidget" */;
			compatibilityVersion = "Xcode 14.0";
			developmentRegion = en;
			hasScannedForEncodings = 0;
			knownRegions = (
				en,
				Base,
			);
			mainGroup = E0A864D22C5D2344005827D1;
			productRefGroup = E0A864DC2C5D2344005827D1 /* Products */;
			projectDirPath = "";
			projectRoot = "";
			targets = (
				E0A864DA2C5D2344005827D1 /* EwanoWidget */,
				E0A864F52C5D235D005827D1 /* EwanoWalletWidgetExtension */,
			);
		};
/* End PBXProject section */

/* Begin PBXResourcesBuildPhase section */
		E0A864D92C5D2344005827D1 /* Resources */ = {
			isa = PBXResourcesBuildPhase;
			buildActionMask = 2147483647;
			files = (
				E0A864E82C5D2345005827D1 /* Assets.xcassets in Resources */,
				E0A864EB2C5D2345005827D1 /* Base in Resources */,
				E0A864E62C5D2344005827D1 /* Base in Resources */,
			);
			runOnlyForDeploymentPostprocessing = 0;
		};
		E0A864F42C5D235D005827D1 /* Resources */ = {
			isa = PBXResourcesBuildPhase;
			buildActionMask = 2147483647;
			files = (
				E0A865062C5D235E005827D1 /* Assets.xcassets in Resources */,
			);
			runOnlyForDeploymentPostprocessing = 0;
		};
/* End PBXResourcesBuildPhase section */

/* Begin PBXSourcesBuildPhase section */
		E0A864D72C5D2344005827D1 /* Sources */ = {
			isa = PBXSourcesBuildPhase;
			buildActionMask = 2147483647;
			files = (
				E0A864E32C5D2344005827D1 /* ViewController.swift in Sources */,
				E0A864DF2C5D2344005827D1 /* AppDelegate.swift in Sources */,
				E0A864E12C5D2344005827D1 /* SceneDelegate.swift in Sources */,
			);
			runOnlyForDeploymentPostprocessing = 0;
		};
		E0A864F22C5D235D005827D1 /* Sources */ = {
			isa = PBXSourcesBuildPhase;
			buildActionMask = 2147483647;
			files = (
				E0D10BC32C5E3FCE00CBE4CA /* BackgroundView.swift in Sources */,
				E0D10BC12C5E3F9700CBE4CA /* ForegroundView.swift in Sources */,
				E0A865002C5D235D005827D1 /* EwanoWalletWidgetLiveActivity.swift in Sources */,
				E0A865042C5D235D005827D1 /* AppIntent.swift in Sources */,
				E0A864FE2C5D235D005827D1 /* EwanoWalletWidgetBundle.swift in Sources */,
				E0A865022C5D235D005827D1 /* EwanoWalletWidget.swift in Sources */,
			);
			runOnlyForDeploymentPostprocessing = 0;
		};
/* End PBXSourcesBuildPhase section */

/* Begin PBXTargetDependency section */
		E0A865092C5D235E005827D1 /* PBXTargetDependency */ = {
			isa = PBXTargetDependency;
			target = E0A864F52C5D235D005827D1 /* EwanoWalletWidgetExtension */;
			targetProxy = E0A865082C5D235E005827D1 /* PBXContainerItemProxy */;
		};
/* End PBXTargetDependency section */

/* Begin PBXVariantGroup section */
		E0A864E42C5D2344005827D1 /* Main.storyboard */ = {
			isa = PBXVariantGroup;
			children = (
				E0A864E52C5D2344005827D1 /* Base */,
			);
			name = Main.storyboard;
			sourceTree = "<group>";
		};
		E0A864E92C5D2345005827D1 /* LaunchScreen.storyboard */ = {
			isa = PBXVariantGroup;
			children = (
				E0A864EA2C5D2345005827D1 /* Base */,
			);
			name = LaunchScreen.storyboard;
			sourceTree = "<group>";
		};
/* End PBXVariantGroup section */

/* Begin XCBuildConfiguration section */
		E0A864ED2C5D2345005827D1 /* Debug */ = {
			isa = XCBuildConfiguration;
			buildSettings = {
				ALWAYS_SEARCH_USER_PATHS = NO;
				ASSETCATALOG_COMPILER_GENERATE_SWIFT_ASSET_SYMBOL_EXTENSIONS = YES;
				CLANG_ANALYZER_NONNULL = YES;
				CLANG_ANALYZER_NUMBER_OBJECT_CONVERSION = YES_AGGRESSIVE;
				CLANG_CXX_LANGUAGE_STANDARD = "gnu++20";
				CLANG_ENABLE_MODULES = YES;
				CLANG_ENABLE_OBJC_ARC = YES;
				CLANG_ENABLE_OBJC_WEAK = YES;
				CLANG_WARN_BLOCK_CAPTURE_AUTORELEASING = YES;
				CLANG_WARN_BOOL_CONVERSION = YES;
				CLANG_WARN_COMMA = YES;
				CLANG_WARN_CONSTANT_CONVERSION = YES;
				CLANG_WARN_DEPRECATED_OBJC_IMPLEMENTATIONS = YES;
				CLANG_WARN_DIRECT_OBJC_ISA_USAGE = YES_ERROR;
				CLANG_WARN_DOCUMENTATION_COMMENTS = YES;
				CLANG_WARN_EMPTY_BODY = YES;
				CLANG_WARN_ENUM_CONVERSION = YES;
				CLANG_WARN_INFINITE_RECURSION = YES;
				CLANG_WARN_INT_CONVERSION = YES;
				CLANG_WARN_NON_LITERAL_NULL_CONVERSION = YES;
				CLANG_WARN_OBJC_IMPLICIT_RETAIN_SELF = YES;
				CLANG_WARN_OBJC_LITERAL_CONVERSION = YES;
				CLANG_WARN_OBJC_ROOT_CLASS = YES_ERROR;
				CLANG_WARN_QUOTED_INCLUDE_IN_FRAMEWORK_HEADER = YES;
				CLANG_WARN_RANGE_LOOP_ANALYSIS = YES;
				CLANG_WARN_STRICT_PROTOTYPES = YES;
				CLANG_WARN_SUSPICIOUS_MOVE = YES;
				CLANG_WARN_UNGUARDED_AVAILABILITY = YES_AGGRESSIVE;
				CLANG_WARN_UNREACHABLE_CODE = YES;
				CLANG_WARN__DUPLICATE_METHOD_MATCH = YES;
				COPY_PHASE_STRIP = NO;
				DEBUG_INFORMATION_FORMAT = dwarf;
				ENABLE_STRICT_OBJC_MSGSEND = YES;
				ENABLE_TESTABILITY = YES;
				ENABLE_USER_SCRIPT_SANDBOXING = YES;
				GCC_C_LANGUAGE_STANDARD = gnu17;
				GCC_DYNAMIC_NO_PIC = NO;
				GCC_NO_COMMON_BLOCKS = YES;
				GCC_OPTIMIZATION_LEVEL = 0;
				GCC_PREPROCESSOR_DEFINITIONS = (
					"DEBUG=1",
					"$(inherited)",
				);
				GCC_WARN_64_TO_32_BIT_CONVERSION = YES;
				GCC_WARN_ABOUT_RETURN_TYPE = YES_ERROR;
				GCC_WARN_UNDECLARED_SELECTOR = YES;
				GCC_WARN_UNINITIALIZED_AUTOS = YES_AGGRESSIVE;
				GCC_WARN_UNUSED_FUNCTION = YES;
				GCC_WARN_UNUSED_VARIABLE = YES;
				IPHONEOS_DEPLOYMENT_TARGET = 17.5;
				LOCALIZATION_PREFERS_STRING_CATALOGS = YES;
				MTL_ENABLE_DEBUG_INFO = INCLUDE_SOURCE;
				MTL_FAST_MATH = YES;
				ONLY_ACTIVE_ARCH = YES;
				SDKROOT = iphoneos;
				SWIFT_ACTIVE_COMPILATION_CONDITIONS = "DEBUG $(inherited)";
				SWIFT_OPTIMIZATION_LEVEL = "-Onone";
			};
			name = Debug;
		};
		E0A864EE2C5D2345005827D1 /* Release */ = {
			isa = XCBuildConfiguration;
			buildSettings = {
				ALWAYS_SEARCH_USER_PATHS = NO;
				ASSETCATALOG_COMPILER_GENERATE_SWIFT_ASSET_SYMBOL_EXTENSIONS = YES;
				CLANG_ANALYZER_NONNULL = YES;
				CLANG_ANALYZER_NUMBER_OBJECT_CONVERSION = YES_AGGRESSIVE;
				CLANG_CXX_LANGUAGE_STANDARD = "gnu++20";
				CLANG_ENABLE_MODULES = YES;
				CLANG_ENABLE_OBJC_ARC = YES;
				CLANG_ENABLE_OBJC_WEAK = YES;
				CLANG_WARN_BLOCK_CAPTURE_AUTORELEASING = YES;
				CLANG_WARN_BOOL_CONVERSION = YES;
				CLANG_WARN_COMMA = YES;
				CLANG_WARN_CONSTANT_CONVERSION = YES;
				CLANG_WARN_DEPRECATED_OBJC_IMPLEMENTATIONS = YES;
				CLANG_WARN_DIRECT_OBJC_ISA_USAGE = YES_ERROR;
				CLANG_WARN_DOCUMENTATION_COMMENTS = YES;
				CLANG_WARN_EMPTY_BODY = YES;
				CLANG_WARN_ENUM_CONVERSION = YES;
				CLANG_WARN_INFINITE_RECURSION = YES;
				CLANG_WARN_INT_CONVERSION = YES;
				CLANG_WARN_NON_LITERAL_NULL_CONVERSION = YES;
				CLANG_WARN_OBJC_IMPLICIT_RETAIN_SELF = YES;
				CLANG_WARN_OBJC_LITERAL_CONVERSION = YES;
				CLANG_WARN_OBJC_ROOT_CLASS = YES_ERROR;
				CLANG_WARN_QUOTED_INCLUDE_IN_FRAMEWORK_HEADER = YES;
				CLANG_WARN_RANGE_LOOP_ANALYSIS = YES;
				CLANG_WARN_STRICT_PROTOTYPES = YES;
				CLANG_WARN_SUSPICIOUS_MOVE = YES;
				CLANG_WARN_UNGUARDED_AVAILABILITY = YES_AGGRESSIVE;
				CLANG_WARN_UNREACHABLE_CODE = YES;
				CLANG_WARN__DUPLICATE_METHOD_MATCH = YES;
				COPY_PHASE_STRIP = NO;
				DEBUG_INFORMATION_FORMAT = "dwarf-with-dsym";
				ENABLE_NS_ASSERTIONS = NO;
				ENABLE_STRICT_OBJC_MSGSEND = YES;
				ENABLE_USER_SCRIPT_SANDBOXING = YES;
				GCC_C_LANGUAGE_STANDARD = gnu17;
				GCC_NO_COMMON_BLOCKS = YES;
				GCC_WARN_64_TO_32_BIT_CONVERSION = YES;
				GCC_WARN_ABOUT_RETURN_TYPE = YES_ERROR;
				GCC_WARN_UNDECLARED_SELECTOR = YES;
				GCC_WARN_UNINITIALIZED_AUTOS = YES_AGGRESSIVE;
				GCC_WARN_UNUSED_FUNCTION = YES;
				GCC_WARN_UNUSED_VARIABLE = YES;
				IPHONEOS_DEPLOYMENT_TARGET = 17.5;
				LOCALIZATION_PREFERS_STRING_CATALOGS = YES;
				MTL_ENABLE_DEBUG_INFO = NO;
				MTL_FAST_MATH = YES;
				SDKROOT = iphoneos;
				SWIFT_COMPILATION_MODE = wholemodule;
				VALIDATE_PRODUCT = YES;
			};
			name = Release;
		};
		E0A864F02C5D2345005827D1 /* Debug */ = {
			isa = XCBuildConfiguration;
			buildSettings = {
				ALWAYS_EMBED_SWIFT_STANDARD_LIBRARIES = YES;
				ASSETCATALOG_COMPILER_APPICON_NAME = AppIcon;
				ASSETCATALOG_COMPILER_GLOBAL_ACCENT_COLOR_NAME = AccentColor;
				CODE_SIGN_STYLE = Automatic;
				CURRENT_PROJECT_VERSION = 1;
				DEVELOPMENT_TEAM = NA979M4P72;
				GENERATE_INFOPLIST_FILE = YES;
				INFOPLIST_FILE = EwanoWidget/Info.plist;
				INFOPLIST_KEY_UIApplicationSupportsIndirectInputEvents = YES;
				INFOPLIST_KEY_UILaunchStoryboardName = LaunchScreen;
				INFOPLIST_KEY_UIMainStoryboardFile = Main;
				INFOPLIST_KEY_UISupportedInterfaceOrientations_iPad = "UIInterfaceOrientationPortrait UIInterfaceOrientationPortraitUpsideDown UIInterfaceOrientationLandscapeLeft UIInterfaceOrientationLandscapeRight";
				INFOPLIST_KEY_UISupportedInterfaceOrientations_iPhone = "UIInterfaceOrientationPortrait UIInterfaceOrientationLandscapeLeft UIInterfaceOrientationLandscapeRight";
				LD_RUNPATH_SEARCH_PATHS = (
					"$(inherited)",
					"@executable_path/Frameworks",
				);
				MARKETING_VERSION = 1.0;
				PRODUCT_BUNDLE_IDENTIFIER = test.EwanoWidget;
				PRODUCT_NAME = "$(TARGET_NAME)";
				SWIFT_EMIT_LOC_STRINGS = YES;
				SWIFT_VERSION = 5.0;
				TARGETED_DEVICE_FAMILY = "1,2";
			};
			name = Debug;
		};
		E0A864F12C5D2345005827D1 /* Release */ = {
			isa = XCBuildConfiguration;
			buildSettings = {
				ALWAYS_EMBED_SWIFT_STANDARD_LIBRARIES = YES;
				ASSETCATALOG_COMPILER_APPICON_NAME = AppIcon;
				ASSETCATALOG_COMPILER_GLOBAL_ACCENT_COLOR_NAME = AccentColor;
				CODE_SIGN_STYLE = Automatic;
				CURRENT_PROJECT_VERSION = 1;
				DEVELOPMENT_TEAM = NA979M4P72;
				GENERATE_INFOPLIST_FILE = YES;
				INFOPLIST_FILE = EwanoWidget/Info.plist;
				INFOPLIST_KEY_UIApplicationSupportsIndirectInputEvents = YES;
				INFOPLIST_KEY_UILaunchStoryboardName = LaunchScreen;
				INFOPLIST_KEY_UIMainStoryboardFile = Main;
				INFOPLIST_KEY_UISupportedInterfaceOrientations_iPad = "UIInterfaceOrientationPortrait UIInterfaceOrientationPortraitUpsideDown UIInterfaceOrientationLandscapeLeft UIInterfaceOrientationLandscapeRight";
				INFOPLIST_KEY_UISupportedInterfaceOrientations_iPhone = "UIInterfaceOrientationPortrait UIInterfaceOrientationLandscapeLeft UIInterfaceOrientationLandscapeRight";
				LD_RUNPATH_SEARCH_PATHS = (
					"$(inherited)",
					"@executable_path/Frameworks",
				);
				MARKETING_VERSION = 1.0;
				PRODUCT_BUNDLE_IDENTIFIER = test.EwanoWidget;
				PRODUCT_NAME = "$(TARGET_NAME)";
				SWIFT_EMIT_LOC_STRINGS = YES;
				SWIFT_VERSION = 5.0;
				TARGETED_DEVICE_FAMILY = "1,2";
			};
			name = Release;
		};
		E0A8650C2C5D235E005827D1 /* Debug */ = {
			isa = XCBuildConfiguration;
			buildSettings = {
				ASSETCATALOG_COMPILER_GLOBAL_ACCENT_COLOR_NAME = AccentColor;
				ASSETCATALOG_COMPILER_WIDGET_BACKGROUND_COLOR_NAME = WidgetBackground;
				CODE_SIGN_STYLE = Automatic;
				CURRENT_PROJECT_VERSION = 1;
				DEVELOPMENT_TEAM = NA979M4P72;
				GENERATE_INFOPLIST_FILE = YES;
				INFOPLIST_FILE = EwanoWalletWidget/Info.plist;
				INFOPLIST_KEY_CFBundleDisplayName = EwanoWalletWidget;
				INFOPLIST_KEY_NSHumanReadableCopyright = "";
				IPHONEOS_DEPLOYMENT_TARGET = 17.5;
				LD_RUNPATH_SEARCH_PATHS = (
					"$(inherited)",
					"@executable_path/Frameworks",
					"@executable_path/../../Frameworks",
				);
				MARKETING_VERSION = 1.0;
				PRODUCT_BUNDLE_IDENTIFIER = test.EwanoWidget.EwanoWalletWidget;
				PRODUCT_NAME = "$(TARGET_NAME)";
				SKIP_INSTALL = YES;
				SWIFT_EMIT_LOC_STRINGS = YES;
				SWIFT_VERSION = 5.0;
				TARGETED_DEVICE_FAMILY = "1,2";
			};
			name = Debug;
		};
		E0A8650D2C5D235E005827D1 /* Release */ = {
			isa = XCBuildConfiguration;
			buildSettings = {
				ASSETCATALOG_COMPILER_GLOBAL_ACCENT_COLOR_NAME = AccentColor;
				ASSETCATALOG_COMPILER_WIDGET_BACKGROUND_COLOR_NAME = WidgetBackground;
				CODE_SIGN_STYLE = Automatic;
				CURRENT_PROJECT_VERSION = 1;
				DEVELOPMENT_TEAM = NA979M4P72;
				GENERATE_INFOPLIST_FILE = YES;
				INFOPLIST_FILE = EwanoWalletWidget/Info.plist;
				INFOPLIST_KEY_CFBundleDisplayName = EwanoWalletWidget;
				INFOPLIST_KEY_NSHumanReadableCopyright = "";
				IPHONEOS_DEPLOYMENT_TARGET = 17.5;
				LD_RUNPATH_SEARCH_PATHS = (
					"$(inherited)",
					"@executable_path/Frameworks",
					"@executable_path/../../Frameworks",
				);
				MARKETING_VERSION = 1.0;
				PRODUCT_BUNDLE_IDENTIFIER = test.EwanoWidget.EwanoWalletWidget;
				PRODUCT_NAME = "$(TARGET_NAME)";
				SKIP_INSTALL = YES;
				SWIFT_EMIT_LOC_STRINGS = YES;
				SWIFT_VERSION = 5.0;
				TARGETED_DEVICE_FAMILY = "1,2";
			};
			name = Release;
		};
/* End XCBuildConfiguration section */

/* Begin XCConfigurationList section */
		E0A864D62C5D2344005827D1 /* Build configuration list for PBXProject "EwanoWidget" */ = {
			isa = XCConfigurationList;
			buildConfigurations = (
				E0A864ED2C5D2345005827D1 /* Debug */,
				E0A864EE2C5D2345005827D1 /* Release */,
			);
			defaultConfigurationIsVisible = 0;
			defaultConfigurationName = Release;
		};
		E0A864EF2C5D2345005827D1 /* Build configuration list for PBXNativeTarget "EwanoWidget" */ = {
			isa = XCConfigurationList;
			buildConfigurations = (
				E0A864F02C5D2345005827D1 /* Debug */,
				E0A864F12C5D2345005827D1 /* Release */,
			);
			defaultConfigurationIsVisible = 0;
			defaultConfigurationName = Release;
		};
		E0A8650B2C5D235E005827D1 /* Build configuration list for PBXNativeTarget "EwanoWalletWidgetExtension" */ = {
			isa = XCConfigurationList;
			buildConfigurations = (
				E0A8650C2C5D235E005827D1 /* Debug */,
				E0A8650D2C5D235E005827D1 /* Release */,
			);
			defaultConfigurationIsVisible = 0;
			defaultConfigurationName = Release;
		};
/* End XCConfigurationList section */
	};
	rootObject = E0A864D32C5D2344005827D1 /* Project object */;
}
